
Microsoft Visual Studio Solution File, Format Version 12.00
# Visual Studio Version 17
VisualStudioVersion = 17.0.31903.59
MinimumVisualStudioVersion = 10.0.40219.1
Project("{FAE04EC0-301F-11D3-BF4B-00C04F79EFBC}") = "Domain", "Domain\Domain.csproj", "{2D072086-C862-49D4-9842-8149EC44E1EF}"
EndProject
Project("{FAE04EC0-301F-11D3-BF4B-00C04F79EFBC}") = "Infrastructure", "Infrastructure\Infrastructure.csproj", "{5BA1004A-E852-4346-8605-04C50CE4FC8D}"
EndProject
Project("{FAE04EC0-301F-11D3-BF4B-00C04F79EFBC}") = "WebApi", "WebApi\WebApi.csproj", "{0B88CB22-EF46-45D1-A41E-DBF65372A5C8}"
EndProject
Global
	GlobalSection(SolutionConfigurationPlatforms) = preSolution
		Debug|Any CPU = Debug|Any CPU
		Release|Any CPU = Release|Any CPU
	EndGlobalSection
	GlobalSection(SolutionProperties) = preSolution
		HideSolutionNode = FALSE
	EndGlobalSection
	GlobalSection(ProjectConfigurationPlatforms) = postSolution
		{2D072086-C862-49D4-9842-8149EC44E1EF}.Debug|Any CPU.ActiveCfg = Debug|Any CPU
		{2D072086-C862-49D4-9842-8149EC44E1EF}.Debug|Any CPU.Build.0 = Debug|Any CPU
		{2D072086-C862-49D4-9842-8149EC44E1EF}.Release|Any CPU.ActiveCfg = Release|Any CPU
		{2D072086-C862-49D4-9842-8149EC44E1EF}.Release|Any CPU.Build.0 = Release|Any CPU
		{5BA1004A-E852-4346-8605-04C50CE4FC8D}.Debug|Any CPU.ActiveCfg = Debug|Any CPU
		{5BA1004A-E852-4346-8605-04C50CE4FC8D}.Debug|Any CPU.Build.0 = Debug|Any CPU
		{5BA1004A-E852-4346-8605-04C50CE4FC8D}.Release|Any CPU.ActiveCfg = Release|Any CPU
		{5BA1004A-E852-4346-8605-04C50CE4FC8D}.Release|Any CPU.Build.0 = Release|Any CPU
		{0B88CB22-EF46-45D1-A41E-DBF65372A5C8}.Debug|Any CPU.ActiveCfg = Debug|Any CPU
		{0B88CB22-EF46-45D1-A41E-DBF65372A5C8}.Debug|Any CPU.Build.0 = Debug|Any CPU
		{0B88CB22-EF46-45D1-A41E-DBF65372A5C8}.Release|Any CPU.ActiveCfg = Release|Any CPU
		{0B88CB22-EF46-45D1-A41E-DBF65372A5C8}.Release|Any CPU.Build.0 = Release|Any CPU
	EndGlobalSection
EndGlobal
